// !$*UTF8*$!
{
	archiveVersion = 1;
	classes = {
	};
	objectVersion = 46;
	objects = {

/* Begin PBXBuildFile section */
		3D01149B1E2B69BE00000523 /* AppDelegate.swift in Sources */ = {isa = PBXBuildFile; fileRef = 3D01149A1E2B69BE00000523 /* AppDelegate.swift */; };
		3D01149D1E2B69BE00000523 /* ViewController.swift in Sources */ = {isa = PBXBuildFile; fileRef = 3D01149C1E2B69BE00000523 /* ViewController.swift */; };
		3D01149F1E2B69BE00000523 /* Assets.xcassets in Resources */ = {isa = PBXBuildFile; fileRef = 3D01149E1E2B69BE00000523 /* Assets.xcassets */; };
		3D0114A21E2B69BE00000523 /* Main.storyboard in Resources */ = {isa = PBXBuildFile; fileRef = 3D0114A01E2B69BE00000523 /* Main.storyboard */; };
		3D0114A81E2B69EC00000523 /* locationCoordinate.swift in Sources */ = {isa = PBXBuildFile; fileRef = 3D0114A71E2B69EC00000523 /* locationCoordinate.swift */; };
		3D1337CC1DC05F4D00A256A6 /* AppDelegate.swift in Sources */ = {isa = PBXBuildFile; fileRef = 3D1337CB1DC05F4D00A256A6 /* AppDelegate.swift */; };
		3D1337CE1DC05F4D00A256A6 /* ViewController.swift in Sources */ = {isa = PBXBuildFile; fileRef = 3D1337CD1DC05F4D00A256A6 /* ViewController.swift */; };
		3D1337D01DC05F4D00A256A6 /* Assets.xcassets in Resources */ = {isa = PBXBuildFile; fileRef = 3D1337CF1DC05F4D00A256A6 /* Assets.xcassets */; };
		3D1337D31DC05F4D00A256A6 /* Main.storyboard in Resources */ = {isa = PBXBuildFile; fileRef = 3D1337D11DC05F4D00A256A6 /* Main.storyboard */; };
		3D1337DE1DC05F4D00A256A6 /* hotPointToolTests.swift in Sources */ = {isa = PBXBuildFile; fileRef = 3D1337DD1DC05F4D00A256A6 /* hotPointToolTests.swift */; };
		3D1337E91DC05F4D00A256A6 /* hotPointToolUITests.swift in Sources */ = {isa = PBXBuildFile; fileRef = 3D1337E81DC05F4D00A256A6 /* hotPointToolUITests.swift */; };
		3D1AEF761DC1ECC5009FDF90 /* hotPointTool.swift in Sources */ = {isa = PBXBuildFile; fileRef = 3D1AEF751DC1ECC5009FDF90 /* hotPointTool.swift */; };
		3D692F6F1E4B2923000AAE6C /* BinaryReader.swift in Sources */ = {isa = PBXBuildFile; fileRef = 3D692F671E4B2923000AAE6C /* BinaryReader.swift */; };
		3D692F701E4B2923000AAE6C /* CSV+init.swift in Sources */ = {isa = PBXBuildFile; fileRef = 3D692F681E4B2923000AAE6C /* CSV+init.swift */; };
		3D692F711E4B2923000AAE6C /* CSV+subscript.swift in Sources */ = {isa = PBXBuildFile; fileRef = 3D692F691E4B2923000AAE6C /* CSV+subscript.swift */; };
		3D692F721E4B2923000AAE6C /* CSV.swift in Sources */ = {isa = PBXBuildFile; fileRef = 3D692F6A1E4B2923000AAE6C /* CSV.swift */; };
		3D692F731E4B2923000AAE6C /* CSVError.swift in Sources */ = {isa = PBXBuildFile; fileRef = 3D692F6B1E4B2923000AAE6C /* CSVError.swift */; };
		3D692F741E4B2923000AAE6C /* Endian.swift in Sources */ = {isa = PBXBuildFile; fileRef = 3D692F6D1E4B2923000AAE6C /* Endian.swift */; };
		3D692F751E4B2923000AAE6C /* UnicodeIterator.swift in Sources */ = {isa = PBXBuildFile; fileRef = 3D692F6E1E4B2923000AAE6C /* UnicodeIterator.swift */; };
		3D692F771E4B2C2E000AAE6C /* location.swift in Sources */ = {isa = PBXBuildFile; fileRef = 3D692F761E4B2C2E000AAE6C /* location.swift */; };
		3D82B4971E1C9DCB00B0A519 /* example.png in Resources */ = {isa = PBXBuildFile; fileRef = 3D82B4961E1C9DCB00B0A519 /* example.png */; };
		3D8E6E001E13DBAD00413FEC /* ToolView.swift in Sources */ = {isa = PBXBuildFile; fileRef = 3D8E6DFF1E13DBAD00413FEC /* ToolView.swift */; };
		3DEACB621DEEA78300750DC3 /* Document.swift in Sources */ = {isa = PBXBuildFile; fileRef = 3DEACB5C1DEEA78300750DC3 /* Document.swift */; };
		3DEACB631DEEA78300750DC3 /* Element.swift in Sources */ = {isa = PBXBuildFile; fileRef = 3DEACB5D1DEEA78300750DC3 /* Element.swift */; };
		3DEACB641DEEA78300750DC3 /* Error.swift in Sources */ = {isa = PBXBuildFile; fileRef = 3DEACB5E1DEEA78300750DC3 /* Error.swift */; };
		3DEACB651DEEA78300750DC3 /* Info.plist in Resources */ = {isa = PBXBuildFile; fileRef = 3DEACB5F1DEEA78300750DC3 /* Info.plist */; };
		3DEACB661DEEA78300750DC3 /* Options.swift in Sources */ = {isa = PBXBuildFile; fileRef = 3DEACB601DEEA78300750DC3 /* Options.swift */; };
		3DEACB671DEEA78300750DC3 /* Parser.swift in Sources */ = {isa = PBXBuildFile; fileRef = 3DEACB611DEEA78300750DC3 /* Parser.swift */; };
/* End PBXBuildFile section */

/* Begin PBXContainerItemProxy section */
		3D1337DA1DC05F4D00A256A6 /* PBXContainerItemProxy */ = {
			isa = PBXContainerItemProxy;
			containerPortal = 3D1337C01DC05F4C00A256A6 /* Project object */;
			proxyType = 1;
			remoteGlobalIDString = 3D1337C71DC05F4C00A256A6;
			remoteInfo = hotPointTool;
		};
		3D1337E51DC05F4D00A256A6 /* PBXContainerItemProxy */ = {
			isa = PBXContainerItemProxy;
			containerPortal = 3D1337C01DC05F4C00A256A6 /* Project object */;
			proxyType = 1;
			remoteGlobalIDString = 3D1337C71DC05F4C00A256A6;
			remoteInfo = hotPointTool;
		};
/* End PBXContainerItemProxy section */

/* Begin PBXFileReference section */
		3D0114981E2B69BE00000523 /* annotationTool.app */ = {isa = PBXFileReference; explicitFileType = wrapper.application; includeInIndex = 0; path = annotationTool.app; sourceTree = BUILT_PRODUCTS_DIR; };
		3D01149A1E2B69BE00000523 /* AppDelegate.swift */ = {isa = PBXFileReference; lastKnownFileType = sourcecode.swift; path = AppDelegate.swift; sourceTree = "<group>"; };
		3D01149C1E2B69BE00000523 /* ViewController.swift */ = {isa = PBXFileReference; lastKnownFileType = sourcecode.swift; path = ViewController.swift; sourceTree = "<group>"; };
		3D01149E1E2B69BE00000523 /* Assets.xcassets */ = {isa = PBXFileReference; lastKnownFileType = folder.assetcatalog; path = Assets.xcassets; sourceTree = "<group>"; };
		3D0114A11E2B69BE00000523 /* Base */ = {isa = PBXFileReference; lastKnownFileType = file.storyboard; name = Base; path = Base.lproj/Main.storyboard; sourceTree = "<group>"; };
		3D0114A31E2B69BE00000523 /* Info.plist */ = {isa = PBXFileReference; lastKnownFileType = text.plist.xml; path = Info.plist; sourceTree = "<group>"; };
		3D0114A71E2B69EC00000523 /* locationCoordinate.swift */ = {isa = PBXFileReference; fileEncoding = 4; lastKnownFileType = sourcecode.swift; path = locationCoordinate.swift; sourceTree = "<group>"; };
		3D1337C81DC05F4D00A256A6 /* hotPointTool.app */ = {isa = PBXFileReference; explicitFileType = wrapper.application; includeInIndex = 0; path = hotPointTool.app; sourceTree = BUILT_PRODUCTS_DIR; };
		3D1337CB1DC05F4D00A256A6 /* AppDelegate.swift */ = {isa = PBXFileReference; lastKnownFileType = sourcecode.swift; path = AppDelegate.swift; sourceTree = "<group>"; };
		3D1337CD1DC05F4D00A256A6 /* ViewController.swift */ = {isa = PBXFileReference; lastKnownFileType = sourcecode.swift; path = ViewController.swift; sourceTree = "<group>"; };
		3D1337CF1DC05F4D00A256A6 /* Assets.xcassets */ = {isa = PBXFileReference; lastKnownFileType = folder.assetcatalog; path = Assets.xcassets; sourceTree = "<group>"; };
		3D1337D21DC05F4D00A256A6 /* Base */ = {isa = PBXFileReference; lastKnownFileType = file.storyboard; name = Base; path = Base.lproj/Main.storyboard; sourceTree = "<group>"; };
		3D1337D41DC05F4D00A256A6 /* Info.plist */ = {isa = PBXFileReference; lastKnownFileType = text.plist.xml; path = Info.plist; sourceTree = "<group>"; };
		3D1337D91DC05F4D00A256A6 /* hotPointToolTests.xctest */ = {isa = PBXFileReference; explicitFileType = wrapper.cfbundle; includeInIndex = 0; path = hotPointToolTests.xctest; sourceTree = BUILT_PRODUCTS_DIR; };
		3D1337DD1DC05F4D00A256A6 /* hotPointToolTests.swift */ = {isa = PBXFileReference; lastKnownFileType = sourcecode.swift; path = hotPointToolTests.swift; sourceTree = "<group>"; };
		3D1337DF1DC05F4D00A256A6 /* Info.plist */ = {isa = PBXFileReference; lastKnownFileType = text.plist.xml; path = Info.plist; sourceTree = "<group>"; };
		3D1337E41DC05F4D00A256A6 /* hotPointToolUITests.xctest */ = {isa = PBXFileReference; explicitFileType = wrapper.cfbundle; includeInIndex = 0; path = hotPointToolUITests.xctest; sourceTree = BUILT_PRODUCTS_DIR; };
		3D1337E81DC05F4D00A256A6 /* hotPointToolUITests.swift */ = {isa = PBXFileReference; lastKnownFileType = sourcecode.swift; path = hotPointToolUITests.swift; sourceTree = "<group>"; };
		3D1337EA1DC05F4D00A256A6 /* Info.plist */ = {isa = PBXFileReference; lastKnownFileType = text.plist.xml; path = Info.plist; sourceTree = "<group>"; };
		3D1AEF751DC1ECC5009FDF90 /* hotPointTool.swift */ = {isa = PBXFileReference; fileEncoding = 4; lastKnownFileType = sourcecode.swift; path = hotPointTool.swift; sourceTree = "<group>"; };
		3D692F671E4B2923000AAE6C /* BinaryReader.swift */ = {isa = PBXFileReference; fileEncoding = 4; lastKnownFileType = sourcecode.swift; path = BinaryReader.swift; sourceTree = "<group>"; };
		3D692F681E4B2923000AAE6C /* CSV+init.swift */ = {isa = PBXFileReference; fileEncoding = 4; lastKnownFileType = sourcecode.swift; path = "CSV+init.swift"; sourceTree = "<group>"; };
		3D692F691E4B2923000AAE6C /* CSV+subscript.swift */ = {isa = PBXFileReference; fileEncoding = 4; lastKnownFileType = sourcecode.swift; path = "CSV+subscript.swift"; sourceTree = "<group>"; };
		3D692F6A1E4B2923000AAE6C /* CSV.swift */ = {isa = PBXFileReference; fileEncoding = 4; lastKnownFileType = sourcecode.swift; path = CSV.swift; sourceTree = "<group>"; };
		3D692F6B1E4B2923000AAE6C /* CSVError.swift */ = {isa = PBXFileReference; fileEncoding = 4; lastKnownFileType = sourcecode.swift; path = CSVError.swift; sourceTree = "<group>"; };
		3D692F6C1E4B2923000AAE6C /* CSVVersion.h */ = {isa = PBXFileReference; fileEncoding = 4; lastKnownFileType = sourcecode.c.h; path = CSVVersion.h; sourceTree = "<group>"; };
		3D692F6D1E4B2923000AAE6C /* Endian.swift */ = {isa = PBXFileReference; fileEncoding = 4; lastKnownFileType = sourcecode.swift; path = Endian.swift; sourceTree = "<group>"; };
		3D692F6E1E4B2923000AAE6C /* UnicodeIterator.swift */ = {isa = PBXFileReference; fileEncoding = 4; lastKnownFileType = sourcecode.swift; path = UnicodeIterator.swift; sourceTree = "<group>"; };
		3D692F761E4B2C2E000AAE6C /* location.swift */ = {isa = PBXFileReference; fileEncoding = 4; lastKnownFileType = sourcecode.swift; path = location.swift; sourceTree = "<group>"; };
		3D82B4961E1C9DCB00B0A519 /* example.png */ = {isa = PBXFileReference; lastKnownFileType = image.png; path = example.png; sourceTree = "<group>"; };
		3D8E6DFF1E13DBAD00413FEC /* ToolView.swift */ = {isa = PBXFileReference; fileEncoding = 4; lastKnownFileType = sourcecode.swift; path = ToolView.swift; sourceTree = "<group>"; };
		3DEACB5B1DEEA78300750DC3 /* AEXML.h */ = {isa = PBXFileReference; fileEncoding = 4; lastKnownFileType = sourcecode.c.h; path = AEXML.h; sourceTree = "<group>"; };
		3DEACB5C1DEEA78300750DC3 /* Document.swift */ = {isa = PBXFileReference; fileEncoding = 4; lastKnownFileType = sourcecode.swift; path = Document.swift; sourceTree = "<group>"; };
		3DEACB5D1DEEA78300750DC3 /* Element.swift */ = {isa = PBXFileReference; fileEncoding = 4; lastKnownFileType = sourcecode.swift; path = Element.swift; sourceTree = "<group>"; };
		3DEACB5E1DEEA78300750DC3 /* Error.swift */ = {isa = PBXFileReference; fileEncoding = 4; lastKnownFileType = sourcecode.swift; path = Error.swift; sourceTree = "<group>"; };
		3DEACB5F1DEEA78300750DC3 /* Info.plist */ = {isa = PBXFileReference; fileEncoding = 4; lastKnownFileType = text.plist.xml; path = Info.plist; sourceTree = "<group>"; };
		3DEACB601DEEA78300750DC3 /* Options.swift */ = {isa = PBXFileReference; fileEncoding = 4; lastKnownFileType = sourcecode.swift; path = Options.swift; sourceTree = "<group>"; };
		3DEACB611DEEA78300750DC3 /* Parser.swift */ = {isa = PBXFileReference; fileEncoding = 4; lastKnownFileType = sourcecode.swift; path = Parser.swift; sourceTree = "<group>"; };
/* End PBXFileReference section */

/* Begin PBXFrameworksBuildPhase section */
		3D0114951E2B69BE00000523 /* Frameworks */ = {
			isa = PBXFrameworksBuildPhase;
			buildActionMask = 2147483647;
			files = (
			);
			runOnlyForDeploymentPostprocessing = 0;
		};
		3D1337C51DC05F4C00A256A6 /* Frameworks */ = {
			isa = PBXFrameworksBuildPhase;
			buildActionMask = 2147483647;
			files = (
			);
			runOnlyForDeploymentPostprocessing = 0;
		};
		3D1337D61DC05F4D00A256A6 /* Frameworks */ = {
			isa = PBXFrameworksBuildPhase;
			buildActionMask = 2147483647;
			files = (
			);
			runOnlyForDeploymentPostprocessing = 0;
		};
		3D1337E11DC05F4D00A256A6 /* Frameworks */ = {
			isa = PBXFrameworksBuildPhase;
			buildActionMask = 2147483647;
			files = (
			);
			runOnlyForDeploymentPostprocessing = 0;
		};
/* End PBXFrameworksBuildPhase section */

/* Begin PBXGroup section */
		3D0114991E2B69BE00000523 /* annotationTool */ = {
			isa = PBXGroup;
			children = (
				3D692F651E4B2923000AAE6C /* Sources */,
				3D01149A1E2B69BE00000523 /* AppDelegate.swift */,
				3D01149C1E2B69BE00000523 /* ViewController.swift */,
				3D692F761E4B2C2E000AAE6C /* location.swift */,
				3D0114A71E2B69EC00000523 /* locationCoordinate.swift */,
				3D01149E1E2B69BE00000523 /* Assets.xcassets */,
				3D0114A01E2B69BE00000523 /* Main.storyboard */,
				3D0114A31E2B69BE00000523 /* Info.plist */,
			);
			path = annotationTool;
			sourceTree = "<group>";
		};
		3D1337BF1DC05F4C00A256A6 = {
			isa = PBXGroup;
			children = (
				3DEACB5A1DEEA78300750DC3 /* Sources */,
				3D1337CA1DC05F4D00A256A6 /* hotPointTool */,
				3D1337DC1DC05F4D00A256A6 /* hotPointToolTests */,
				3D1337E71DC05F4D00A256A6 /* hotPointToolUITests */,
				3D0114991E2B69BE00000523 /* annotationTool */,
				3D1337C91DC05F4D00A256A6 /* Products */,
				3DEACB691DEEC3B500750DC3 /* hotspotdatafile */,
			);
			sourceTree = "<group>";
		};
		3D1337C91DC05F4D00A256A6 /* Products */ = {
			isa = PBXGroup;
			children = (
				3D1337C81DC05F4D00A256A6 /* hotPointTool.app */,
				3D1337D91DC05F4D00A256A6 /* hotPointToolTests.xctest */,
				3D1337E41DC05F4D00A256A6 /* hotPointToolUITests.xctest */,
				3D0114981E2B69BE00000523 /* annotationTool.app */,
			);
			name = Products;
			sourceTree = "<group>";
		};
		3D1337CA1DC05F4D00A256A6 /* hotPointTool */ = {
			isa = PBXGroup;
			children = (
				3D1337CB1DC05F4D00A256A6 /* AppDelegate.swift */,
				3D1337CD1DC05F4D00A256A6 /* ViewController.swift */,
				3D8E6DFF1E13DBAD00413FEC /* ToolView.swift */,
				3D1AEF751DC1ECC5009FDF90 /* hotPointTool.swift */,
				3D1337CF1DC05F4D00A256A6 /* Assets.xcassets */,
				3D1337D11DC05F4D00A256A6 /* Main.storyboard */,
				3D1337D41DC05F4D00A256A6 /* Info.plist */,
			);
			path = hotPointTool;
			sourceTree = "<group>";
		};
		3D1337DC1DC05F4D00A256A6 /* hotPointToolTests */ = {
			isa = PBXGroup;
			children = (
				3D1337DD1DC05F4D00A256A6 /* hotPointToolTests.swift */,
				3D1337DF1DC05F4D00A256A6 /* Info.plist */,
			);
			path = hotPointToolTests;
			sourceTree = "<group>";
		};
		3D1337E71DC05F4D00A256A6 /* hotPointToolUITests */ = {
			isa = PBXGroup;
			children = (
				3D1337E81DC05F4D00A256A6 /* hotPointToolUITests.swift */,
				3D1337EA1DC05F4D00A256A6 /* Info.plist */,
			);
			path = hotPointToolUITests;
			sourceTree = "<group>";
		};
		3D692F651E4B2923000AAE6C /* Sources */ = {
			isa = PBXGroup;
			children = (
				3D692F661E4B2923000AAE6C /* CSV */,
			);
			path = Sources;
			sourceTree = "<group>";
		};
		3D692F661E4B2923000AAE6C /* CSV */ = {
			isa = PBXGroup;
			children = (
				3D692F671E4B2923000AAE6C /* BinaryReader.swift */,
				3D692F681E4B2923000AAE6C /* CSV+init.swift */,
				3D692F691E4B2923000AAE6C /* CSV+subscript.swift */,
				3D692F6A1E4B2923000AAE6C /* CSV.swift */,
				3D692F6B1E4B2923000AAE6C /* CSVError.swift */,
				3D692F6C1E4B2923000AAE6C /* CSVVersion.h */,
				3D692F6D1E4B2923000AAE6C /* Endian.swift */,
				3D692F6E1E4B2923000AAE6C /* UnicodeIterator.swift */,
			);
			path = CSV;
			sourceTree = "<group>";
		};
		3DEACB5A1DEEA78300750DC3 /* Sources */ = {
			isa = PBXGroup;
			children = (
				3DEACB5B1DEEA78300750DC3 /* AEXML.h */,
				3DEACB5C1DEEA78300750DC3 /* Document.swift */,
				3DEACB5D1DEEA78300750DC3 /* Element.swift */,
				3DEACB5E1DEEA78300750DC3 /* Error.swift */,
				3DEACB5F1DEEA78300750DC3 /* Info.plist */,
				3DEACB601DEEA78300750DC3 /* Options.swift */,
				3DEACB611DEEA78300750DC3 /* Parser.swift */,
			);
			path = Sources;
			sourceTree = "<group>";
		};
		3DEACB691DEEC3B500750DC3 /* hotspotdatafile */ = {
			isa = PBXGroup;
			children = (
				3D82B4961E1C9DCB00B0A519 /* example.png */,
			);
			name = hotspotdatafile;
			path = hotPointTool/hotspotdatafile;
			sourceTree = "<group>";
		};
/* End PBXGroup section */

/* Begin PBXNativeTarget section */
		3D0114971E2B69BE00000523 /* annotationTool */ = {
			isa = PBXNativeTarget;
			buildConfigurationList = 3D0114A61E2B69BE00000523 /* Build configuration list for PBXNativeTarget "annotationTool" */;
			buildPhases = (
				3D0114941E2B69BE00000523 /* Sources */,
				3D0114951E2B69BE00000523 /* Frameworks */,
				3D0114961E2B69BE00000523 /* Resources */,
			);
			buildRules = (
			);
			dependencies = (
			);
			name = annotationTool;
			productName = annotationTool;
			productReference = 3D0114981E2B69BE00000523 /* annotationTool.app */;
			productType = "com.apple.product-type.application";
		};
		3D1337C71DC05F4C00A256A6 /* hotPointTool */ = {
			isa = PBXNativeTarget;
			buildConfigurationList = 3D1337ED1DC05F4D00A256A6 /* Build configuration list for PBXNativeTarget "hotPointTool" */;
			buildPhases = (
				3D1337C41DC05F4C00A256A6 /* Sources */,
				3D1337C51DC05F4C00A256A6 /* Frameworks */,
				3D1337C61DC05F4C00A256A6 /* Resources */,
			);
			buildRules = (
			);
			dependencies = (
			);
			name = hotPointTool;
			productName = hotPointTool;
			productReference = 3D1337C81DC05F4D00A256A6 /* hotPointTool.app */;
			productType = "com.apple.product-type.application";
		};
		3D1337D81DC05F4D00A256A6 /* hotPointToolTests */ = {
			isa = PBXNativeTarget;
			buildConfigurationList = 3D1337F01DC05F4D00A256A6 /* Build configuration list for PBXNativeTarget "hotPointToolTests" */;
			buildPhases = (
				3D1337D51DC05F4D00A256A6 /* Sources */,
				3D1337D61DC05F4D00A256A6 /* Frameworks */,
				3D1337D71DC05F4D00A256A6 /* Resources */,
			);
			buildRules = (
			);
			dependencies = (
				3D1337DB1DC05F4D00A256A6 /* PBXTargetDependency */,
			);
			name = hotPointToolTests;
			productName = hotPointToolTests;
			productReference = 3D1337D91DC05F4D00A256A6 /* hotPointToolTests.xctest */;
			productType = "com.apple.product-type.bundle.unit-test";
		};
		3D1337E31DC05F4D00A256A6 /* hotPointToolUITests */ = {
			isa = PBXNativeTarget;
			buildConfigurationList = 3D1337F31DC05F4D00A256A6 /* Build configuration list for PBXNativeTarget "hotPointToolUITests" */;
			buildPhases = (
				3D1337E01DC05F4D00A256A6 /* Sources */,
				3D1337E11DC05F4D00A256A6 /* Frameworks */,
				3D1337E21DC05F4D00A256A6 /* Resources */,
			);
			buildRules = (
			);
			dependencies = (
				3D1337E61DC05F4D00A256A6 /* PBXTargetDependency */,
			);
			name = hotPointToolUITests;
			productName = hotPointToolUITests;
			productReference = 3D1337E41DC05F4D00A256A6 /* hotPointToolUITests.xctest */;
			productType = "com.apple.product-type.bundle.ui-testing";
		};
/* End PBXNativeTarget section */

/* Begin PBXProject section */
		3D1337C01DC05F4C00A256A6 /* Project object */ = {
			isa = PBXProject;
			attributes = {
				LastSwiftUpdateCheck = 0820;
				LastUpgradeCheck = 0800;
				ORGANIZATIONNAME = keney;
				TargetAttributes = {
					3D0114971E2B69BE00000523 = {
						CreatedOnToolsVersion = 8.2;
						DevelopmentTeam = 76YNCE82LE;
						ProvisioningStyle = Automatic;
					};
					3D1337C71DC05F4C00A256A6 = {
						CreatedOnToolsVersion = 8.0;
						ProvisioningStyle = Automatic;
					};
					3D1337D81DC05F4D00A256A6 = {
						CreatedOnToolsVersion = 8.0;
						ProvisioningStyle = Automatic;
						TestTargetID = 3D1337C71DC05F4C00A256A6;
					};
					3D1337E31DC05F4D00A256A6 = {
						CreatedOnToolsVersion = 8.0;
						ProvisioningStyle = Automatic;
						TestTargetID = 3D1337C71DC05F4C00A256A6;
					};
				};
			};
			buildConfigurationList = 3D1337C31DC05F4C00A256A6 /* Build configuration list for PBXProject "hotPointTool" */;
			compatibilityVersion = "Xcode 3.2";
			developmentRegion = English;
			hasScannedForEncodings = 0;
			knownRegions = (
				en,
				Base,
			);
			mainGroup = 3D1337BF1DC05F4C00A256A6;
			productRefGroup = 3D1337C91DC05F4D00A256A6 /* Products */;
			projectDirPath = "";
			projectRoot = "";
			targets = (
				3D1337C71DC05F4C00A256A6 /* hotPointTool */,
				3D1337D81DC05F4D00A256A6 /* hotPointToolTests */,
				3D1337E31DC05F4D00A256A6 /* hotPointToolUITests */,
				3D0114971E2B69BE00000523 /* annotationTool */,
			);
		};
/* End PBXProject section */

/* Begin PBXResourcesBuildPhase section */
		3D0114961E2B69BE00000523 /* Resources */ = {
			isa = PBXResourcesBuildPhase;
			buildActionMask = 2147483647;
			files = (
				3D01149F1E2B69BE00000523 /* Assets.xcassets in Resources */,
				3D0114A21E2B69BE00000523 /* Main.storyboard in Resources */,
			);
			runOnlyForDeploymentPostprocessing = 0;
		};
		3D1337C61DC05F4C00A256A6 /* Resources */ = {
			isa = PBXResourcesBuildPhase;
			buildActionMask = 2147483647;
			files = (
				3D1337D01DC05F4D00A256A6 /* Assets.xcassets in Resources */,
				3D82B4971E1C9DCB00B0A519 /* example.png in Resources */,
				3D1337D31DC05F4D00A256A6 /* Main.storyboard in Resources */,
				3DEACB651DEEA78300750DC3 /* Info.plist in Resources */,
			);
			runOnlyForDeploymentPostprocessing = 0;
		};
		3D1337D71DC05F4D00A256A6 /* Resources */ = {
			isa = PBXResourcesBuildPhase;
			buildActionMask = 2147483647;
			files = (
			);
			runOnlyForDeploymentPostprocessing = 0;
		};
		3D1337E21DC05F4D00A256A6 /* Resources */ = {
			isa = PBXResourcesBuildPhase;
			buildActionMask = 2147483647;
			files = (
			);
			runOnlyForDeploymentPostprocessing = 0;
		};
/* End PBXResourcesBuildPhase section */

/* Begin PBXSourcesBuildPhase section */
		3D0114941E2B69BE00000523 /* Sources */ = {
			isa = PBXSourcesBuildPhase;
			buildActionMask = 2147483647;
			files = (
				3D692F711E4B2923000AAE6C /* CSV+subscript.swift in Sources */,
				3D0114A81E2B69EC00000523 /* locationCoordinate.swift in Sources */,
				3D692F6F1E4B2923000AAE6C /* BinaryReader.swift in Sources */,
				3D692F771E4B2C2E000AAE6C /* location.swift in Sources */,
				3D692F751E4B2923000AAE6C /* UnicodeIterator.swift in Sources */,
				3D01149D1E2B69BE00000523 /* ViewController.swift in Sources */,
				3D692F701E4B2923000AAE6C /* CSV+init.swift in Sources */,
				3D692F741E4B2923000AAE6C /* Endian.swift in Sources */,
				3D692F721E4B2923000AAE6C /* CSV.swift in Sources */,
				3D01149B1E2B69BE00000523 /* AppDelegate.swift in Sources */,
				3D692F731E4B2923000AAE6C /* CSVError.swift in Sources */,
			);
			runOnlyForDeploymentPostprocessing = 0;
		};
		3D1337C41DC05F4C00A256A6 /* Sources */ = {
			isa = PBXSourcesBuildPhase;
			buildActionMask = 2147483647;
			files = (
				3DEACB621DEEA78300750DC3 /* Document.swift in Sources */,
				3D1337CE1DC05F4D00A256A6 /* ViewController.swift in Sources */,
				3D8E6E001E13DBAD00413FEC /* ToolView.swift in Sources */,
				3D1337CC1DC05F4D00A256A6 /* AppDelegate.swift in Sources */,
				3D1AEF761DC1ECC5009FDF90 /* hotPointTool.swift in Sources */,
				3DEACB671DEEA78300750DC3 /* Parser.swift in Sources */,
				3DEACB641DEEA78300750DC3 /* Error.swift in Sources */,
				3DEACB631DEEA78300750DC3 /* Element.swift in Sources */,
				3DEACB661DEEA78300750DC3 /* Options.swift in Sources */,
			);
			runOnlyForDeploymentPostprocessing = 0;
		};
		3D1337D51DC05F4D00A256A6 /* Sources */ = {
			isa = PBXSourcesBuildPhase;
			buildActionMask = 2147483647;
			files = (
				3D1337DE1DC05F4D00A256A6 /* hotPointToolTests.swift in Sources */,
			);
			runOnlyForDeploymentPostprocessing = 0;
		};
		3D1337E01DC05F4D00A256A6 /* Sources */ = {
			isa = PBXSourcesBuildPhase;
			buildActionMask = 2147483647;
			files = (
				3D1337E91DC05F4D00A256A6 /* hotPointToolUITests.swift in Sources */,
			);
			runOnlyForDeploymentPostprocessing = 0;
		};
/* End PBXSourcesBuildPhase section */

/* Begin PBXTargetDependency section */
		3D1337DB1DC05F4D00A256A6 /* PBXTargetDependency */ = {
			isa = PBXTargetDependency;
			target = 3D1337C71DC05F4C00A256A6 /* hotPointTool */;
			targetProxy = 3D1337DA1DC05F4D00A256A6 /* PBXContainerItemProxy */;
		};
		3D1337E61DC05F4D00A256A6 /* PBXTargetDependency */ = {
			isa = PBXTargetDependency;
			target = 3D1337C71DC05F4C00A256A6 /* hotPointTool */;
			targetProxy = 3D1337E51DC05F4D00A256A6 /* PBXContainerItemProxy */;
		};
/* End PBXTargetDependency section */

/* Begin PBXVariantGroup section */
		3D0114A01E2B69BE00000523 /* Main.storyboard */ = {
			isa = PBXVariantGroup;
			children = (
				3D0114A11E2B69BE00000523 /* Base */,
			);
			name = Main.storyboard;
			sourceTree = "<group>";
		};
		3D1337D11DC05F4D00A256A6 /* Main.storyboard */ = {
			isa = PBXVariantGroup;
			children = (
				3D1337D21DC05F4D00A256A6 /* Base */,
			);
			name = Main.storyboard;
			sourceTree = "<group>";
		};
/* End PBXVariantGroup section */

/* Begin XCBuildConfiguration section */
		3D0114A41E2B69BE00000523 /* Debug */ = {
			isa = XCBuildConfiguration;
			buildSettings = {
				ASSETCATALOG_COMPILER_APPICON_NAME = AppIcon;
				CLANG_WARN_SUSPICIOUS_MOVE = YES;
				COMBINE_HIDPI_IMAGES = YES;
				DEVELOPMENT_TEAM = 76YNCE82LE;
				INFOPLIST_FILE = annotationTool/Info.plist;
				LD_RUNPATH_SEARCH_PATHS = "$(inherited) @executable_path/../Frameworks";
				PRODUCT_BUNDLE_IDENTIFIER = cn.ideamake.annotationTool.annotationTool;
				PRODUCT_NAME = "$(TARGET_NAME)";
				SWIFT_VERSION = 3.0;
			};
			name = Debug;
		};
		3D0114A51E2B69BE00000523 /* Release */ = {
			isa = XCBuildConfiguration;
			buildSettings = {
				ASSETCATALOG_COMPILER_APPICON_NAME = AppIcon;
				CLANG_WARN_SUSPICIOUS_MOVE = YES;
				COMBINE_HIDPI_IMAGES = YES;
				DEVELOPMENT_TEAM = 76YNCE82LE;
				INFOPLIST_FILE = annotationTool/Info.plist;
				LD_RUNPATH_SEARCH_PATHS = "$(inherited) @executable_path/../Frameworks";
				PRODUCT_BUNDLE_IDENTIFIER = cn.ideamake.annotationTool.annotationTool;
				PRODUCT_NAME = "$(TARGET_NAME)";
				SWIFT_VERSION = 3.0;
			};
			name = Release;
		};
		3D1337EB1DC05F4D00A256A6 /* Debug */ = {
			isa = XCBuildConfiguration;
			buildSettings = {
				ALWAYS_SEARCH_USER_PATHS = NO;
				CLANG_ANALYZER_NONNULL = YES;
				CLANG_CXX_LANGUAGE_STANDARD = "gnu++0x";
				CLANG_CXX_LIBRARY = "libc++";
				CLANG_ENABLE_MODULES = YES;
				CLANG_ENABLE_OBJC_ARC = YES;
				CLANG_WARN_BOOL_CONVERSION = YES;
				CLANG_WARN_CONSTANT_CONVERSION = YES;
				CLANG_WARN_DIRECT_OBJC_ISA_USAGE = YES_ERROR;
				CLANG_WARN_DOCUMENTATION_COMMENTS = YES;
				CLANG_WARN_EMPTY_BODY = YES;
				CLANG_WARN_ENUM_CONVERSION = YES;
				CLANG_WARN_INFINITE_RECURSION = YES;
				CLANG_WARN_INT_CONVERSION = YES;
				CLANG_WARN_OBJC_ROOT_CLASS = YES_ERROR;
				CLANG_WARN_SUSPICIOUS_MOVES = YES;
				CLANG_WARN_UNREACHABLE_CODE = YES;
				CLANG_WARN__DUPLICATE_METHOD_MATCH = YES;
				CODE_SIGN_IDENTITY = "-";
				COPY_PHASE_STRIP = NO;
				DEBUG_INFORMATION_FORMAT = dwarf;
				ENABLE_STRICT_OBJC_MSGSEND = YES;
				ENABLE_TESTABILITY = YES;
				GCC_C_LANGUAGE_STANDARD = gnu99;
				GCC_DYNAMIC_NO_PIC = NO;
				GCC_NO_COMMON_BLOCKS = YES;
				GCC_OPTIMIZATION_LEVEL = 0;
				GCC_PREPROCESSOR_DEFINITIONS = (
					"DEBUG=1",
					"$(inherited)",
				);
				GCC_WARN_64_TO_32_BIT_CONVERSION = YES;
				GCC_WARN_ABOUT_RETURN_TYPE = YES_ERROR;
				GCC_WARN_UNDECLARED_SELECTOR = YES;
				GCC_WARN_UNINITIALIZED_AUTOS = YES_AGGRESSIVE;
				GCC_WARN_UNUSED_FUNCTION = YES;
				GCC_WARN_UNUSED_VARIABLE = YES;
				MACOSX_DEPLOYMENT_TARGET = 10.12;
				MTL_ENABLE_DEBUG_INFO = YES;
				ONLY_ACTIVE_ARCH = YES;
				SDKROOT = macosx;
				SWIFT_ACTIVE_COMPILATION_CONDITIONS = DEBUG;
				SWIFT_OPTIMIZATION_LEVEL = "-Onone";
			};
			name = Debug;
		};
		3D1337EC1DC05F4D00A256A6 /* Release */ = {
			isa = XCBuildConfiguration;
			buildSettings = {
				ALWAYS_SEARCH_USER_PATHS = NO;
				CLANG_ANALYZER_NONNULL = YES;
				CLANG_CXX_LANGUAGE_STANDARD = "gnu++0x";
				CLANG_CXX_LIBRARY = "libc++";
				CLANG_ENABLE_MODULES = YES;
				CLANG_ENABLE_OBJC_ARC = YES;
				CLANG_WARN_BOOL_CONVERSION = YES;
				CLANG_WARN_CONSTANT_CONVERSION = YES;
				CLANG_WARN_DIRECT_OBJC_ISA_USAGE = YES_ERROR;
				CLANG_WARN_DOCUMENTATION_COMMENTS = YES;
				CLANG_WARN_EMPTY_BODY = YES;
				CLANG_WARN_ENUM_CONVERSION = YES;
				CLANG_WARN_INFINITE_RECURSION = YES;
				CLANG_WARN_INT_CONVERSION = YES;
				CLANG_WARN_OBJC_ROOT_CLASS = YES_ERROR;
				CLANG_WARN_SUSPICIOUS_MOVES = YES;
				CLANG_WARN_UNREACHABLE_CODE = YES;
				CLANG_WARN__DUPLICATE_METHOD_MATCH = YES;
				CODE_SIGN_IDENTITY = "-";
				COPY_PHASE_STRIP = NO;
				DEBUG_INFORMATION_FORMAT = "dwarf-with-dsym";
				ENABLE_NS_ASSERTIONS = NO;
				ENABLE_STRICT_OBJC_MSGSEND = YES;
				GCC_C_LANGUAGE_STANDARD = gnu99;
				GCC_NO_COMMON_BLOCKS = YES;
				GCC_WARN_64_TO_32_BIT_CONVERSION = YES;
				GCC_WARN_ABOUT_RETURN_TYPE = YES_ERROR;
				GCC_WARN_UNDECLARED_SELECTOR = YES;
				GCC_WARN_UNINITIALIZED_AUTOS = YES_AGGRESSIVE;
				GCC_WARN_UNUSED_FUNCTION = YES;
				GCC_WARN_UNUSED_VARIABLE = YES;
				MACOSX_DEPLOYMENT_TARGET = 10.12;
				MTL_ENABLE_DEBUG_INFO = NO;
				SDKROOT = macosx;
				SWIFT_OPTIMIZATION_LEVEL = "-Owholemodule";
			};
			name = Release;
		};
		3D1337EE1DC05F4D00A256A6 /* Debug */ = {
			isa = XCBuildConfiguration;
			buildSettings = {
				ASSETCATALOG_COMPILER_APPICON_NAME = AppIcon;
				COMBINE_HIDPI_IMAGES = YES;
				INFOPLIST_FILE = hotPointTool/Info.plist;
				LD_RUNPATH_SEARCH_PATHS = "$(inherited) @executable_path/../Frameworks";
				MACOSX_DEPLOYMENT_TARGET = 10.11;
				PRODUCT_BUNDLE_IDENTIFIER = cn.ideamake.hotPointTool;
				PRODUCT_NAME = "$(TARGET_NAME)";
				SWIFT_VERSION = 3.0;
			};
			name = Debug;
		};
		3D1337EF1DC05F4D00A256A6 /* Release */ = {
			isa = XCBuildConfiguration;
			buildSettings = {
				ASSETCATALOG_COMPILER_APPICON_NAME = AppIcon;
				COMBINE_HIDPI_IMAGES = YES;
				INFOPLIST_FILE = hotPointTool/Info.plist;
				LD_RUNPATH_SEARCH_PATHS = "$(inherited) @executable_path/../Frameworks";
				MACOSX_DEPLOYMENT_TARGET = 10.11;
				PRODUCT_BUNDLE_IDENTIFIER = cn.ideamake.hotPointTool;
				PRODUCT_NAME = "$(TARGET_NAME)";
				SWIFT_VERSION = 3.0;
			};
			name = Release;
		};
		3D1337F11DC05F4D00A256A6 /* Debug */ = {
			isa = XCBuildConfiguration;
			buildSettings = {
				ALWAYS_EMBED_SWIFT_STANDARD_LIBRARIES = YES;
				BUNDLE_LOADER = "$(TEST_HOST)";
				COMBINE_HIDPI_IMAGES = YES;
				INFOPLIST_FILE = hotPointToolTests/Info.plist;
				LD_RUNPATH_SEARCH_PATHS = "$(inherited) @executable_path/../Frameworks @loader_path/../Frameworks";
				PRODUCT_BUNDLE_IDENTIFIER = cn.ideamake.hotPointToolTests;
				PRODUCT_NAME = "$(TARGET_NAME)";
				SWIFT_VERSION = 3.0;
				TEST_HOST = "$(BUILT_PRODUCTS_DIR)/hotPointTool.app/Contents/MacOS/hotPointTool";
			};
			name = Debug;
		};
		3D1337F21DC05F4D00A256A6 /* Release */ = {
			isa = XCBuildConfiguration;
			buildSettings = {
				ALWAYS_EMBED_SWIFT_STANDARD_LIBRARIES = YES;
				BUNDLE_LOADER = "$(TEST_HOST)";
				COMBINE_HIDPI_IMAGES = YES;
				INFOPLIST_FILE = hotPointToolTests/Info.plist;
				LD_RUNPATH_SEARCH_PATHS = "$(inherited) @executable_path/../Frameworks @loader_path/../Frameworks";
				PRODUCT_BUNDLE_IDENTIFIER = cn.ideamake.hotPointToolTests;
				PRODUCT_NAME = "$(TARGET_NAME)";
				SWIFT_VERSION = 3.0;
				TEST_HOST = "$(BUILT_PRODUCTS_DIR)/hotPointTool.app/Contents/MacOS/hotPointTool";
			};
			name = Release;
		};
		3D1337F41DC05F4D00A256A6 /* Debug */ = {
			isa = XCBuildConfiguration;
			buildSettings = {
				ALWAYS_EMBED_SWIFT_STANDARD_LIBRARIES = YES;
				COMBINE_HIDPI_IMAGES = YES;
				INFOPLIST_FILE = hotPointToolUITests/Info.plist;
				LD_RUNPATH_SEARCH_PATHS = "$(inherited) @executable_path/../Frameworks @loader_path/../Frameworks";
				PRODUCT_BUNDLE_IDENTIFIER = cn.ideamake.hotPointToolUITests;
				PRODUCT_NAME = "$(TARGET_NAME)";
				SWIFT_VERSION = 3.0;
				TEST_TARGET_NAME = hotPointTool;
			};
			name = Debug;
		};
		3D1337F51DC05F4D00A256A6 /* Release */ = {
			isa = XCBuildConfiguration;
			buildSettings = {
				ALWAYS_EMBED_SWIFT_STANDARD_LIBRARIES = YES;
				COMBINE_HIDPI_IMAGES = YES;
				INFOPLIST_FILE = hotPointToolUITests/Info.plist;
				LD_RUNPATH_SEARCH_PATHS = "$(inherited) @executable_path/../Frameworks @loader_path/../Frameworks";
				PRODUCT_BUNDLE_IDENTIFIER = cn.ideamake.hotPointToolUITests;
				PRODUCT_NAME = "$(TARGET_NAME)";
				SWIFT_VERSION = 3.0;
				TEST_TARGET_NAME = hotPointTool;
			};
			name = Release;
		};
/* End XCBuildConfiguration section */

/* Begin XCConfigurationList section */
		3D0114A61E2B69BE00000523 /* Build configuration list for PBXNativeTarget "annotationTool" */ = {
			isa = XCConfigurationList;
			buildConfigurations = (
				3D0114A41E2B69BE00000523 /* Debug */,
				3D0114A51E2B69BE00000523 /* Release */,
			);
			defaultConfigurationIsVisible = 0;
			defaultConfigurationName = Release;
		};
		3D1337C31DC05F4C00A256A6 /* Build configuration list for PBXProject "hotPointTool" */ = {
			isa = XCConfigurationList;
			buildConfigurations = (
				3D1337EB1DC05F4D00A256A6 /* Debug */,
				3D1337EC1DC05F4D00A256A6 /* Release */,
			);
			defaultConfigurationIsVisible = 0;
			defaultConfigurationName = Release;
		};
		3D1337ED1DC05F4D00A256A6 /* Build configuration list for PBXNativeTarget "hotPointTool" */ = {
			isa = XCConfigurationList;
			buildConfigurations = (
				3D1337EE1DC05F4D00A256A6 /* Debug */,
				3D1337EF1DC05F4D00A256A6 /* Release */,
			);
			defaultConfigurationIsVisible = 0;
			defaultConfigurationName = Release;
		};
		3D1337F01DC05F4D00A256A6 /* Build configuration list for PBXNativeTarget "hotPointToolTests" */ = {
			isa = XCConfigurationList;
			buildConfigurations = (
				3D1337F11DC05F4D00A256A6 /* Debug */,
				3D1337F21DC05F4D00A256A6 /* Release */,
			);
			defaultConfigurationIsVisible = 0;
			defaultConfigurationName = Release;
		};
		3D1337F31DC05F4D00A256A6 /* Build configuration list for PBXNativeTarget "hotPointToolUITests" */ = {
			isa = XCConfigurationList;
			buildConfigurations = (
				3D1337F41DC05F4D00A256A6 /* Debug */,
				3D1337F51DC05F4D00A256A6 /* Release */,
			);
			defaultConfigurationIsVisible = 0;
			defaultConfigurationName = Release;
		};
/* End XCConfigurationList section */
	};
	rootObject = 3D1337C01DC05F4C00A256A6 /* Project object */;
}
